
Microsoft Visual Studio Solution File, Format Version 12.00
# Visual Studio Version 17
VisualStudioVersion = 17.14.36915.13 d17.14
MinimumVisualStudioVersion = 10.0.40219.1
Project("{FAE04EC0-301F-11D3-BF4B-00C04F79EFBC}") = "OOP01", "OOP01\OOP01.csproj", "{B0C67C66-93CD-48D2-B91A-842075E1B1BC}"
EndProject
Global
	GlobalSection(SolutionConfigurationPlatforms) = preSolution
		Debug|Any CPU = Debug|Any CPU
		Release|Any CPU = Release|Any CPU
	EndGlobalSection
	GlobalSection(ProjectConfigurationPlatforms) = postSolution
		{B0C67C66-93CD-48D2-B91A-842075E1B1BC}.Debug|Any CPU.ActiveCfg = Debug|Any CPU
		{B0C67C66-93CD-48D2-B91A-842075E1B1BC}.Debug|Any CPU.Build.0 = Debug|Any CPU
		{B0C67C66-93CD-48D2-B91A-842075E1B1BC}.Release|Any CPU.ActiveCfg = Release|Any CPU
		{B0C67C66-93CD-48D2-B91A-842075E1B1BC}.Release|Any CPU.Build.0 = Release|Any CPU
	EndGlobalSection
	GlobalSection(SolutionProperties) = preSolution
		HideSolutionNode = FALSE
	EndGlobalSection
	GlobalSection(ExtensibilityGlobals) = postSolution
		SolutionGuid = {0C203ABE-2D6B-42B2-A394-6F92707952A8}
	EndGlobalSection
EndGlobal
